
Microsoft Visual Studio Solution File, Format Version 12.00
# Visual Studio Version 17
VisualStudioVersion = 17.3.32901.215
MinimumVisualStudioVersion = 10.0.40219.1
Project("{FAE04EC0-301F-11D3-BF4B-00C04F79EFBC}") = "Pr  7. n1-4", "Pr  7. n1-4\Pr  7. n1-4.csproj", "{DF22275A-F3A3-4C26-8207-AF6AD37CCFE6}"
EndProject
Project("{FAE04EC0-301F-11D3-BF4B-00C04F79EFBC}") = "n2", "n2\n2.csproj", "{960A0FC0-7D4A-49AE-BCB4-2C0D5FFE9172}"
EndProject
Project("{FAE04EC0-301F-11D3-BF4B-00C04F79EFBC}") = "n3", "n3\n3.csproj", "{F42E0030-64C9-4F4F-8351-5DBA857C4364}"
EndProject
Project("{FAE04EC0-301F-11D3-BF4B-00C04F79EFBC}") = "n4", "n4\n4.csproj", "{B6B8B987-C106-47E7-A58C-7566185FCE81}"
EndProject
Project("{FAE04EC0-301F-11D3-BF4B-00C04F79EFBC}") = "c", "c\c.csproj", "{892CFFD1-17EE-46F4-8C0B-3209154AC566}"
EndProject
Global
	GlobalSection(SolutionConfigurationPlatforms) = preSolution
		Debug|Any CPU = Debug|Any CPU
		Release|Any CPU = Release|Any CPU
	EndGlobalSection
	GlobalSection(ProjectConfigurationPlatforms) = postSolution
		{DF22275A-F3A3-4C26-8207-AF6AD37CCFE6}.Debug|Any CPU.ActiveCfg = Debug|Any CPU
		{DF22275A-F3A3-4C26-8207-AF6AD37CCFE6}.Debug|Any CPU.Build.0 = Debug|Any CPU
		{DF22275A-F3A3-4C26-8207-AF6AD37CCFE6}.Release|Any CPU.ActiveCfg = Release|Any CPU
		{DF22275A-F3A3-4C26-8207-AF6AD37CCFE6}.Release|Any CPU.Build.0 = Release|Any CPU
		{960A0FC0-7D4A-49AE-BCB4-2C0D5FFE9172}.Debug|Any CPU.ActiveCfg = Debug|Any CPU
		{960A0FC0-7D4A-49AE-BCB4-2C0D5FFE9172}.Debug|Any CPU.Build.0 = Debug|Any CPU
		{960A0FC0-7D4A-49AE-BCB4-2C0D5FFE9172}.Release|Any CPU.ActiveCfg = Release|Any CPU
		{960A0FC0-7D4A-49AE-BCB4-2C0D5FFE9172}.Release|Any CPU.Build.0 = Release|Any CPU
		{F42E0030-64C9-4F4F-8351-5DBA857C4364}.Debug|Any CPU.ActiveCfg = Debug|Any CPU
		{F42E0030-64C9-4F4F-8351-5DBA857C4364}.Debug|Any CPU.Build.0 = Debug|Any CPU
		{F42E0030-64C9-4F4F-8351-5DBA857C4364}.Release|Any CPU.ActiveCfg = Release|Any CPU
		{F42E0030-64C9-4F4F-8351-5DBA857C4364}.Release|Any CPU.Build.0 = Release|Any CPU
		{B6B8B987-C106-47E7-A58C-7566185FCE81}.Debug|Any CPU.ActiveCfg = Debug|Any CPU
		{B6B8B987-C106-47E7-A58C-7566185FCE81}.Debug|Any CPU.Build.0 = Debug|Any CPU
		{B6B8B987-C106-47E7-A58C-7566185FCE81}.Release|Any CPU.ActiveCfg = Release|Any CPU
		{B6B8B987-C106-47E7-A58C-7566185FCE81}.Release|Any CPU.Build.0 = Release|Any CPU
		{892CFFD1-17EE-46F4-8C0B-3209154AC566}.Debug|Any CPU.ActiveCfg = Debug|Any CPU
		{892CFFD1-17EE-46F4-8C0B-3209154AC566}.Debug|Any CPU.Build.0 = Debug|Any CPU
		{892CFFD1-17EE-46F4-8C0B-3209154AC566}.Release|Any CPU.ActiveCfg = Release|Any CPU
		{892CFFD1-17EE-46F4-8C0B-3209154AC566}.Release|Any CPU.Build.0 = Release|Any CPU
	EndGlobalSection
	GlobalSection(SolutionProperties) = preSolution
		HideSolutionNode = FALSE
	EndGlobalSection
	GlobalSection(ExtensibilityGlobals) = postSolution
		SolutionGuid = {8775F812-BD9B-4818-92F1-F8BE2CCF220E}
	EndGlobalSection
EndGlobal
